
Microsoft Visual Studio Solution File, Format Version 12.00
# Visual Studio 15
Project("{FAE04EC0-301F-11D3-BF4B-00C04F79EFBC}") = "Grades", "Grades\Grades.csproj", "{0C54EB4F-C89C-40FC-9323-B8B0D67D958B}"
EndProject
Project("{FAE04EC0-301F-11D3-BF4B-00C04F79EFBC}") = "Grades.Tests", "Grades.Test\Grades.Tests.csproj", "{BDDFE9FB-A537-4AAD-B263-7DAF7D0BA4F0}"
EndProject
Global
	GlobalSection(SolutionConfigurationPlatforms) = preSolution
		Debug|Any CPU = Debug|Any CPU
		Release|Any CPU = Release|Any CPU
	EndGlobalSection
	GlobalSection(ProjectConfigurationPlatforms) = postSolution
		{0C54EB4F-C89C-40FC-9323-B8B0D67D958B}.Debug|Any CPU.ActiveCfg = Debug|Any CPU
		{0C54EB4F-C89C-40FC-9323-B8B0D67D958B}.Debug|Any CPU.Build.0 = Debug|Any CPU
		{0C54EB4F-C89C-40FC-9323-B8B0D67D958B}.Release|Any CPU.ActiveCfg = Release|Any CPU
		{0C54EB4F-C89C-40FC-9323-B8B0D67D958B}.Release|Any CPU.Build.0 = Release|Any CPU
		{BDDFE9FB-A537-4AAD-B263-7DAF7D0BA4F0}.Debug|Any CPU.ActiveCfg = Debug|Any CPU
		{BDDFE9FB-A537-4AAD-B263-7DAF7D0BA4F0}.Debug|Any CPU.Build.0 = Debug|Any CPU
		{BDDFE9FB-A537-4AAD-B263-7DAF7D0BA4F0}.Release|Any CPU.ActiveCfg = Release|Any CPU
		{BDDFE9FB-A537-4AAD-B263-7DAF7D0BA4F0}.Release|Any CPU.Build.0 = Release|Any CPU
	EndGlobalSection
EndGlobal
